
Microsoft Visual Studio Solution File, Format Version 12.00
# Visual Studio Version 17
VisualStudioVersion = 17.3.32929.385
MinimumVisualStudioVersion = 10.0.40219.1
Project("{FAE04EC0-301F-11D3-BF4B-00C04F79EFBC}") = "forRepeat", "forRepeat.csproj", "{B8327277-BB32-4553-ABF6-482A8D09FAB2}"
EndProject
Global
	GlobalSection(SolutionConfigurationPlatforms) = preSolution
		Debug|Any CPU = Debug|Any CPU
		Release|Any CPU = Release|Any CPU
	EndGlobalSection
	GlobalSection(ProjectConfigurationPlatforms) = postSolution
		{B8327277-BB32-4553-ABF6-482A8D09FAB2}.Debug|Any CPU.ActiveCfg = Debug|Any CPU
		{B8327277-BB32-4553-ABF6-482A8D09FAB2}.Debug|Any CPU.Build.0 = Debug|Any CPU
		{B8327277-BB32-4553-ABF6-482A8D09FAB2}.Release|Any CPU.ActiveCfg = Release|Any CPU
		{B8327277-BB32-4553-ABF6-482A8D09FAB2}.Release|Any CPU.Build.0 = Release|Any CPU
	EndGlobalSection
	GlobalSection(SolutionProperties) = preSolution
		HideSolutionNode = FALSE
	EndGlobalSection
	GlobalSection(ExtensibilityGlobals) = postSolution
		SolutionGuid = {F144547B-DB01-4127-9B06-4E8A865F1E67}
	EndGlobalSection
EndGlobal
